
Microsoft Visual Studio Solution File, Format Version 12.00
# Visual Studio Version 16
VisualStudioVersion = 16.0.30128.74
MinimumVisualStudioVersion = 10.0.40219.1
Project("{FAE04EC0-301F-11D3-BF4B-00C04F79EFBC}") = "Enumexamples", "Enumexamples\Enumexamples.csproj", "{70470E17-8CA3-44D5-AB9C-D51DBC38DD77}"
EndProject
Project("{FAE04EC0-301F-11D3-BF4B-00C04F79EFBC}") = "WindowsFormsApp1", "WindowsFormsApp1\WindowsFormsApp1.csproj", "{E632FF28-9275-41B1-AFE1-1B2103FBF063}"
EndProject
Project("{2150E333-8FDC-42A3-9474-1A3956D46DE8}") = "Solution Items", "Solution Items", "{C3D59A78-A04D-4F0F-8C90-E700C07FE795}"
	ProjectSection(SolutionItems) = preProject
		.editorconfig = .editorconfig
	EndProjectSection
EndProject
Global
	GlobalSection(SolutionConfigurationPlatforms) = preSolution
		Debug|Any CPU = Debug|Any CPU
		Release|Any CPU = Release|Any CPU
	EndGlobalSection
	GlobalSection(ProjectConfigurationPlatforms) = postSolution
		{70470E17-8CA3-44D5-AB9C-D51DBC38DD77}.Debug|Any CPU.ActiveCfg = Debug|Any CPU
		{70470E17-8CA3-44D5-AB9C-D51DBC38DD77}.Debug|Any CPU.Build.0 = Debug|Any CPU
		{70470E17-8CA3-44D5-AB9C-D51DBC38DD77}.Release|Any CPU.ActiveCfg = Release|Any CPU
		{70470E17-8CA3-44D5-AB9C-D51DBC38DD77}.Release|Any CPU.Build.0 = Release|Any CPU
		{E632FF28-9275-41B1-AFE1-1B2103FBF063}.Debug|Any CPU.ActiveCfg = Debug|Any CPU
		{E632FF28-9275-41B1-AFE1-1B2103FBF063}.Debug|Any CPU.Build.0 = Debug|Any CPU
		{E632FF28-9275-41B1-AFE1-1B2103FBF063}.Release|Any CPU.ActiveCfg = Release|Any CPU
		{E632FF28-9275-41B1-AFE1-1B2103FBF063}.Release|Any CPU.Build.0 = Release|Any CPU
	EndGlobalSection
	GlobalSection(SolutionProperties) = preSolution
		HideSolutionNode = FALSE
	EndGlobalSection
	GlobalSection(ExtensibilityGlobals) = postSolution
		SolutionGuid = {E0CA0B62-0162-41B4-91D9-EB08BCB144FE}
	EndGlobalSection
EndGlobal
